
Microsoft Visual Studio Solution File, Format Version 12.00
# Visual Studio Version 17
VisualStudioVersion = 17.11.35303.130
MinimumVisualStudioVersion = 10.0.40219.1
Project("{9A19103F-16F7-4668-BE54-9A1E7A4F7556}") = "ex01", "ex01\ex01.csproj", "{A510565F-B4A6-49BD-93D1-C34120AB0FB7}"
EndProject
Project("{9A19103F-16F7-4668-BE54-9A1E7A4F7556}") = "ex03", "ex02\ex03.csproj", "{479502E5-C1D0-438B-AFA1-D4A64FF17E46}"
EndProject
Project("{9A19103F-16F7-4668-BE54-9A1E7A4F7556}") = "ex07", "ex07\ex07.csproj", "{B067C19F-A186-409B-BB07-4D74A823E0B2}"
EndProject
Project("{9A19103F-16F7-4668-BE54-9A1E7A4F7556}") = "ex._02", "ex.02\ex._02.csproj", "{7DC4C926-EE64-4758-8B8E-045669181A0F}"
EndProject
Project("{9A19103F-16F7-4668-BE54-9A1E7A4F7556}") = "ex09", "ex09\ex09.csproj", "{19C54C65-047E-418A-9EC4-8EFA08DBAB9E}"
EndProject
Project("{9A19103F-16F7-4668-BE54-9A1E7A4F7556}") = "ex10", "ex10\ex10.csproj", "{3B312AE0-949C-4818-949F-D203F27CFDC1}"
EndProject
Project("{9A19103F-16F7-4668-BE54-9A1E7A4F7556}") = "ex12", "ex12\ex12.csproj", "{5068FD4E-0333-4763-A0EC-68EA8956C68B}"
EndProject
Project("{9A19103F-16F7-4668-BE54-9A1E7A4F7556}") = "ex04", "ex04\ex04.csproj", "{A294AB1A-8142-4FC5-9A6D-C53E0B9EFA05}"
EndProject
Project("{9A19103F-16F7-4668-BE54-9A1E7A4F7556}") = "ex05", "ex05\ex05.csproj", "{B1F600A9-05F0-4185-B652-018A7E8894CB}"
EndProject
Project("{9A19103F-16F7-4668-BE54-9A1E7A4F7556}") = "ex06", "ex06\ex06.csproj", "{0635EBB4-F897-43AC-B785-0AEEB16393E9}"
EndProject
Project("{9A19103F-16F7-4668-BE54-9A1E7A4F7556}") = "ex08", "ex08\ex08.csproj", "{B67CE58B-C98A-4F26-980F-6D1848440B2C}"
EndProject
Project("{9A19103F-16F7-4668-BE54-9A1E7A4F7556}") = "ex11", "ex11\ex11.csproj", "{DBEFF0E5-A5A0-4BFE-B6E2-0B439EF27AB6}"
EndProject
Project("{FAE04EC0-301F-11D3-BF4B-00C04F79EFBC}") = "ex15", "ex15\ex15.csproj", "{D0A75ACE-5322-4C54-83E6-AEB20E8CE568}"
EndProject
Global
	GlobalSection(SolutionConfigurationPlatforms) = preSolution
		Debug|Any CPU = Debug|Any CPU
		Release|Any CPU = Release|Any CPU
	EndGlobalSection
	GlobalSection(ProjectConfigurationPlatforms) = postSolution
		{A510565F-B4A6-49BD-93D1-C34120AB0FB7}.Debug|Any CPU.ActiveCfg = Debug|Any CPU
		{A510565F-B4A6-49BD-93D1-C34120AB0FB7}.Debug|Any CPU.Build.0 = Debug|Any CPU
		{A510565F-B4A6-49BD-93D1-C34120AB0FB7}.Release|Any CPU.ActiveCfg = Release|Any CPU
		{A510565F-B4A6-49BD-93D1-C34120AB0FB7}.Release|Any CPU.Build.0 = Release|Any CPU
		{479502E5-C1D0-438B-AFA1-D4A64FF17E46}.Debug|Any CPU.ActiveCfg = Debug|Any CPU
		{479502E5-C1D0-438B-AFA1-D4A64FF17E46}.Debug|Any CPU.Build.0 = Debug|Any CPU
		{479502E5-C1D0-438B-AFA1-D4A64FF17E46}.Release|Any CPU.ActiveCfg = Release|Any CPU
		{479502E5-C1D0-438B-AFA1-D4A64FF17E46}.Release|Any CPU.Build.0 = Release|Any CPU
		{B067C19F-A186-409B-BB07-4D74A823E0B2}.Debug|Any CPU.ActiveCfg = Debug|Any CPU
		{B067C19F-A186-409B-BB07-4D74A823E0B2}.Debug|Any CPU.Build.0 = Debug|Any CPU
		{B067C19F-A186-409B-BB07-4D74A823E0B2}.Release|Any CPU.ActiveCfg = Release|Any CPU
		{B067C19F-A186-409B-BB07-4D74A823E0B2}.Release|Any CPU.Build.0 = Release|Any CPU
		{7DC4C926-EE64-4758-8B8E-045669181A0F}.Debug|Any CPU.ActiveCfg = Debug|Any CPU
		{7DC4C926-EE64-4758-8B8E-045669181A0F}.Debug|Any CPU.Build.0 = Debug|Any CPU
		{7DC4C926-EE64-4758-8B8E-045669181A0F}.Release|Any CPU.ActiveCfg = Release|Any CPU
		{7DC4C926-EE64-4758-8B8E-045669181A0F}.Release|Any CPU.Build.0 = Release|Any CPU
		{19C54C65-047E-418A-9EC4-8EFA08DBAB9E}.Debug|Any CPU.ActiveCfg = Debug|Any CPU
		{19C54C65-047E-418A-9EC4-8EFA08DBAB9E}.Debug|Any CPU.Build.0 = Debug|Any CPU
		{19C54C65-047E-418A-9EC4-8EFA08DBAB9E}.Release|Any CPU.ActiveCfg = Release|Any CPU
		{19C54C65-047E-418A-9EC4-8EFA08DBAB9E}.Release|Any CPU.Build.0 = Release|Any CPU
		{3B312AE0-949C-4818-949F-D203F27CFDC1}.Debug|Any CPU.ActiveCfg = Debug|Any CPU
		{3B312AE0-949C-4818-949F-D203F27CFDC1}.Debug|Any CPU.Build.0 = Debug|Any CPU
		{3B312AE0-949C-4818-949F-D203F27CFDC1}.Release|Any CPU.ActiveCfg = Release|Any CPU
		{3B312AE0-949C-4818-949F-D203F27CFDC1}.Release|Any CPU.Build.0 = Release|Any CPU
		{5068FD4E-0333-4763-A0EC-68EA8956C68B}.Debug|Any CPU.ActiveCfg = Debug|Any CPU
		{5068FD4E-0333-4763-A0EC-68EA8956C68B}.Debug|Any CPU.Build.0 = Debug|Any CPU
		{5068FD4E-0333-4763-A0EC-68EA8956C68B}.Release|Any CPU.ActiveCfg = Release|Any CPU
		{5068FD4E-0333-4763-A0EC-68EA8956C68B}.Release|Any CPU.Build.0 = Release|Any CPU
		{A294AB1A-8142-4FC5-9A6D-C53E0B9EFA05}.Debug|Any CPU.ActiveCfg = Debug|Any CPU
		{A294AB1A-8142-4FC5-9A6D-C53E0B9EFA05}.Debug|Any CPU.Build.0 = Debug|Any CPU
		{A294AB1A-8142-4FC5-9A6D-C53E0B9EFA05}.Release|Any CPU.ActiveCfg = Release|Any CPU
		{A294AB1A-8142-4FC5-9A6D-C53E0B9EFA05}.Release|Any CPU.Build.0 = Release|Any CPU
		{B1F600A9-05F0-4185-B652-018A7E8894CB}.Debug|Any CPU.ActiveCfg = Debug|Any CPU
		{B1F600A9-05F0-4185-B652-018A7E8894CB}.Debug|Any CPU.Build.0 = Debug|Any CPU
		{B1F600A9-05F0-4185-B652-018A7E8894CB}.Release|Any CPU.ActiveCfg = Release|Any CPU
		{B1F600A9-05F0-4185-B652-018A7E8894CB}.Release|Any CPU.Build.0 = Release|Any CPU
		{0635EBB4-F897-43AC-B785-0AEEB16393E9}.Debug|Any CPU.ActiveCfg = Debug|Any CPU
		{0635EBB4-F897-43AC-B785-0AEEB16393E9}.Debug|Any CPU.Build.0 = Debug|Any CPU
		{0635EBB4-F897-43AC-B785-0AEEB16393E9}.Release|Any CPU.ActiveCfg = Release|Any CPU
		{0635EBB4-F897-43AC-B785-0AEEB16393E9}.Release|Any CPU.Build.0 = Release|Any CPU
		{B67CE58B-C98A-4F26-980F-6D1848440B2C}.Debug|Any CPU.ActiveCfg = Debug|Any CPU
		{B67CE58B-C98A-4F26-980F-6D1848440B2C}.Debug|Any CPU.Build.0 = Debug|Any CPU
		{B67CE58B-C98A-4F26-980F-6D1848440B2C}.Release|Any CPU.ActiveCfg = Release|Any CPU
		{B67CE58B-C98A-4F26-980F-6D1848440B2C}.Release|Any CPU.Build.0 = Release|Any CPU
		{DBEFF0E5-A5A0-4BFE-B6E2-0B439EF27AB6}.Debug|Any CPU.ActiveCfg = Debug|Any CPU
		{DBEFF0E5-A5A0-4BFE-B6E2-0B439EF27AB6}.Debug|Any CPU.Build.0 = Debug|Any CPU
		{DBEFF0E5-A5A0-4BFE-B6E2-0B439EF27AB6}.Release|Any CPU.ActiveCfg = Release|Any CPU
		{DBEFF0E5-A5A0-4BFE-B6E2-0B439EF27AB6}.Release|Any CPU.Build.0 = Release|Any CPU
		{D0A75ACE-5322-4C54-83E6-AEB20E8CE568}.Debug|Any CPU.ActiveCfg = Debug|Any CPU
		{D0A75ACE-5322-4C54-83E6-AEB20E8CE568}.Debug|Any CPU.Build.0 = Debug|Any CPU
		{D0A75ACE-5322-4C54-83E6-AEB20E8CE568}.Release|Any CPU.ActiveCfg = Release|Any CPU
		{D0A75ACE-5322-4C54-83E6-AEB20E8CE568}.Release|Any CPU.Build.0 = Release|Any CPU
	EndGlobalSection
	GlobalSection(SolutionProperties) = preSolution
		HideSolutionNode = FALSE
	EndGlobalSection
	GlobalSection(ExtensibilityGlobals) = postSolution
		SolutionGuid = {DCC9AFF1-6AB3-41A6-9111-12219CAC4D40}
	EndGlobalSection
EndGlobal
