
Microsoft Visual Studio Solution File, Format Version 12.00
# Visual Studio Version 17
VisualStudioVersion = 17.11.35303.130
MinimumVisualStudioVersion = 10.0.40219.1
Project("{FAE04EC0-301F-11D3-BF4B-00C04F79EFBC}") = "ex01", "ex01\ex01.csproj", "{4D654C25-779D-43C5-807F-B046D28F129A}"
EndProject
Global
	GlobalSection(SolutionConfigurationPlatforms) = preSolution
		Debug|Any CPU = Debug|Any CPU
		Release|Any CPU = Release|Any CPU
	EndGlobalSection
	GlobalSection(ProjectConfigurationPlatforms) = postSolution
		{4D654C25-779D-43C5-807F-B046D28F129A}.Debug|Any CPU.ActiveCfg = Debug|Any CPU
		{4D654C25-779D-43C5-807F-B046D28F129A}.Debug|Any CPU.Build.0 = Debug|Any CPU
		{4D654C25-779D-43C5-807F-B046D28F129A}.Release|Any CPU.ActiveCfg = Release|Any CPU
		{4D654C25-779D-43C5-807F-B046D28F129A}.Release|Any CPU.Build.0 = Release|Any CPU
	EndGlobalSection
	GlobalSection(SolutionProperties) = preSolution
		HideSolutionNode = FALSE
	EndGlobalSection
	GlobalSection(ExtensibilityGlobals) = postSolution
		SolutionGuid = {DF665AC3-AAB2-4615-A688-89A1D3F7161E}
	EndGlobalSection
EndGlobal
