
Microsoft Visual Studio Solution File, Format Version 12.00
# Visual Studio Version 17
VisualStudioVersion = 17.11.35303.130
MinimumVisualStudioVersion = 10.0.40219.1
Project("{9A19103F-16F7-4668-BE54-9A1E7A4F7556}") = "ex01", "ex01\ex01.csproj", "{5E5EC851-06DF-418E-9C40-C35D1FB4F86C}"
EndProject
Project("{9A19103F-16F7-4668-BE54-9A1E7A4F7556}") = "ex02", "ex02\ex02.csproj", "{5D1EAB76-B9B5-402A-B656-756EA1F2B77D}"
EndProject
Project("{9A19103F-16F7-4668-BE54-9A1E7A4F7556}") = "ex02b", "ex02b\ex02b.csproj", "{EB579B91-BECC-4255-9033-D3FF9937AF11}"
EndProject
Project("{9A19103F-16F7-4668-BE54-9A1E7A4F7556}") = "ex03", "ex03\ex03.csproj", "{C833D279-D502-4B96-84CF-9EF27D351D6A}"
EndProject
Project("{9A19103F-16F7-4668-BE54-9A1E7A4F7556}") = "ex04", "ex04\ex04.csproj", "{3FA38B1D-928B-415D-9458-846C0B61C79B}"
EndProject
Project("{9A19103F-16F7-4668-BE54-9A1E7A4F7556}") = "ex05", "ex05\ex05.csproj", "{A634C334-44C8-4D22-AE46-CB3954009D8D}"
EndProject
Project("{9A19103F-16F7-4668-BE54-9A1E7A4F7556}") = "ex06", "ex06\ex06.csproj", "{3B6AD45B-AD69-483D-97A4-55FAF0A9D63A}"
EndProject
Project("{9A19103F-16F7-4668-BE54-9A1E7A4F7556}") = "ex07", "ex07\ex07.csproj", "{CE624C91-ACB6-41B4-961C-B5CA7A6596B7}"
EndProject
Project("{9A19103F-16F7-4668-BE54-9A1E7A4F7556}") = "ex08", "ex08\ex08.csproj", "{C327D595-9B20-44F0-8B03-7F9EAAD09104}"
EndProject
Project("{9A19103F-16F7-4668-BE54-9A1E7A4F7556}") = "ex09", "ex09\ex09.csproj", "{4C5AF2DD-3DBB-42B2-9D10-51723B062ECC}"
EndProject
Project("{9A19103F-16F7-4668-BE54-9A1E7A4F7556}") = "ex10", "ex10\ex10.csproj", "{7D488DEC-47D6-444C-8A44-BC138BABF999}"
EndProject
Project("{9A19103F-16F7-4668-BE54-9A1E7A4F7556}") = "ex11", "ex11\ex11.csproj", "{AB7E9558-97BB-428C-B51A-A412ABC7BA2E}"
EndProject
Project("{9A19103F-16F7-4668-BE54-9A1E7A4F7556}") = "ex15", "ex15\ex15.csproj", "{DBD6967D-310A-4FBC-BFB3-D351CD8808D5}"
EndProject
Project("{9A19103F-16F7-4668-BE54-9A1E7A4F7556}") = "ex16", "ex16\ex16.csproj", "{655751B5-CCA8-40B4-991E-4D20E9F41BDD}"
EndProject
Project("{9A19103F-16F7-4668-BE54-9A1E7A4F7556}") = "ex17", "ex17\ex17.csproj", "{31489A88-D6B6-4620-8499-E6FF8B0FBBC9}"
EndProject
Project("{9A19103F-16F7-4668-BE54-9A1E7A4F7556}") = "ex18", "ex18\ex18.csproj", "{7913A999-A3F8-4B09-92F4-9F6BBA563967}"
EndProject
Project("{9A19103F-16F7-4668-BE54-9A1E7A4F7556}") = "ex19", "ex19\ex19.csproj", "{E556B48C-44A1-4AC5-B765-0BC8FA98CF96}"
EndProject
Project("{FAE04EC0-301F-11D3-BF4B-00C04F79EFBC}") = "ex12", "ex12\ex12.csproj", "{6EA39307-217B-47AB-8C98-470BDFE7C9D4}"
EndProject
Project("{FAE04EC0-301F-11D3-BF4B-00C04F79EFBC}") = "ex13", "ex13\ex13.csproj", "{A820341B-2B23-41BA-8F02-CB3D7CE5571E}"
EndProject
Global
	GlobalSection(SolutionConfigurationPlatforms) = preSolution
		Debug|Any CPU = Debug|Any CPU
		Release|Any CPU = Release|Any CPU
	EndGlobalSection
	GlobalSection(ProjectConfigurationPlatforms) = postSolution
		{5E5EC851-06DF-418E-9C40-C35D1FB4F86C}.Debug|Any CPU.ActiveCfg = Debug|Any CPU
		{5E5EC851-06DF-418E-9C40-C35D1FB4F86C}.Debug|Any CPU.Build.0 = Debug|Any CPU
		{5E5EC851-06DF-418E-9C40-C35D1FB4F86C}.Release|Any CPU.ActiveCfg = Release|Any CPU
		{5E5EC851-06DF-418E-9C40-C35D1FB4F86C}.Release|Any CPU.Build.0 = Release|Any CPU
		{5D1EAB76-B9B5-402A-B656-756EA1F2B77D}.Debug|Any CPU.ActiveCfg = Debug|Any CPU
		{5D1EAB76-B9B5-402A-B656-756EA1F2B77D}.Debug|Any CPU.Build.0 = Debug|Any CPU
		{5D1EAB76-B9B5-402A-B656-756EA1F2B77D}.Release|Any CPU.ActiveCfg = Release|Any CPU
		{5D1EAB76-B9B5-402A-B656-756EA1F2B77D}.Release|Any CPU.Build.0 = Release|Any CPU
		{EB579B91-BECC-4255-9033-D3FF9937AF11}.Debug|Any CPU.ActiveCfg = Debug|Any CPU
		{EB579B91-BECC-4255-9033-D3FF9937AF11}.Debug|Any CPU.Build.0 = Debug|Any CPU
		{EB579B91-BECC-4255-9033-D3FF9937AF11}.Release|Any CPU.ActiveCfg = Release|Any CPU
		{EB579B91-BECC-4255-9033-D3FF9937AF11}.Release|Any CPU.Build.0 = Release|Any CPU
		{C833D279-D502-4B96-84CF-9EF27D351D6A}.Debug|Any CPU.ActiveCfg = Debug|Any CPU
		{C833D279-D502-4B96-84CF-9EF27D351D6A}.Debug|Any CPU.Build.0 = Debug|Any CPU
		{C833D279-D502-4B96-84CF-9EF27D351D6A}.Release|Any CPU.ActiveCfg = Release|Any CPU
		{C833D279-D502-4B96-84CF-9EF27D351D6A}.Release|Any CPU.Build.0 = Release|Any CPU
		{3FA38B1D-928B-415D-9458-846C0B61C79B}.Debug|Any CPU.ActiveCfg = Debug|Any CPU
		{3FA38B1D-928B-415D-9458-846C0B61C79B}.Debug|Any CPU.Build.0 = Debug|Any CPU
		{3FA38B1D-928B-415D-9458-846C0B61C79B}.Release|Any CPU.ActiveCfg = Release|Any CPU
		{3FA38B1D-928B-415D-9458-846C0B61C79B}.Release|Any CPU.Build.0 = Release|Any CPU
		{A634C334-44C8-4D22-AE46-CB3954009D8D}.Debug|Any CPU.ActiveCfg = Debug|Any CPU
		{A634C334-44C8-4D22-AE46-CB3954009D8D}.Debug|Any CPU.Build.0 = Debug|Any CPU
		{A634C334-44C8-4D22-AE46-CB3954009D8D}.Release|Any CPU.ActiveCfg = Release|Any CPU
		{A634C334-44C8-4D22-AE46-CB3954009D8D}.Release|Any CPU.Build.0 = Release|Any CPU
		{3B6AD45B-AD69-483D-97A4-55FAF0A9D63A}.Debug|Any CPU.ActiveCfg = Debug|Any CPU
		{3B6AD45B-AD69-483D-97A4-55FAF0A9D63A}.Debug|Any CPU.Build.0 = Debug|Any CPU
		{3B6AD45B-AD69-483D-97A4-55FAF0A9D63A}.Release|Any CPU.ActiveCfg = Release|Any CPU
		{3B6AD45B-AD69-483D-97A4-55FAF0A9D63A}.Release|Any CPU.Build.0 = Release|Any CPU
		{CE624C91-ACB6-41B4-961C-B5CA7A6596B7}.Debug|Any CPU.ActiveCfg = Debug|Any CPU
		{CE624C91-ACB6-41B4-961C-B5CA7A6596B7}.Debug|Any CPU.Build.0 = Debug|Any CPU
		{CE624C91-ACB6-41B4-961C-B5CA7A6596B7}.Release|Any CPU.ActiveCfg = Release|Any CPU
		{CE624C91-ACB6-41B4-961C-B5CA7A6596B7}.Release|Any CPU.Build.0 = Release|Any CPU
		{C327D595-9B20-44F0-8B03-7F9EAAD09104}.Debug|Any CPU.ActiveCfg = Debug|Any CPU
		{C327D595-9B20-44F0-8B03-7F9EAAD09104}.Debug|Any CPU.Build.0 = Debug|Any CPU
		{C327D595-9B20-44F0-8B03-7F9EAAD09104}.Release|Any CPU.ActiveCfg = Release|Any CPU
		{C327D595-9B20-44F0-8B03-7F9EAAD09104}.Release|Any CPU.Build.0 = Release|Any CPU
		{4C5AF2DD-3DBB-42B2-9D10-51723B062ECC}.Debug|Any CPU.ActiveCfg = Debug|Any CPU
		{4C5AF2DD-3DBB-42B2-9D10-51723B062ECC}.Debug|Any CPU.Build.0 = Debug|Any CPU
		{4C5AF2DD-3DBB-42B2-9D10-51723B062ECC}.Release|Any CPU.ActiveCfg = Release|Any CPU
		{4C5AF2DD-3DBB-42B2-9D10-51723B062ECC}.Release|Any CPU.Build.0 = Release|Any CPU
		{7D488DEC-47D6-444C-8A44-BC138BABF999}.Debug|Any CPU.ActiveCfg = Debug|Any CPU
		{7D488DEC-47D6-444C-8A44-BC138BABF999}.Debug|Any CPU.Build.0 = Debug|Any CPU
		{7D488DEC-47D6-444C-8A44-BC138BABF999}.Release|Any CPU.ActiveCfg = Release|Any CPU
		{7D488DEC-47D6-444C-8A44-BC138BABF999}.Release|Any CPU.Build.0 = Release|Any CPU
		{AB7E9558-97BB-428C-B51A-A412ABC7BA2E}.Debug|Any CPU.ActiveCfg = Debug|Any CPU
		{AB7E9558-97BB-428C-B51A-A412ABC7BA2E}.Debug|Any CPU.Build.0 = Debug|Any CPU
		{AB7E9558-97BB-428C-B51A-A412ABC7BA2E}.Release|Any CPU.ActiveCfg = Release|Any CPU
		{AB7E9558-97BB-428C-B51A-A412ABC7BA2E}.Release|Any CPU.Build.0 = Release|Any CPU
		{DBD6967D-310A-4FBC-BFB3-D351CD8808D5}.Debug|Any CPU.ActiveCfg = Debug|Any CPU
		{DBD6967D-310A-4FBC-BFB3-D351CD8808D5}.Debug|Any CPU.Build.0 = Debug|Any CPU
		{DBD6967D-310A-4FBC-BFB3-D351CD8808D5}.Release|Any CPU.ActiveCfg = Release|Any CPU
		{DBD6967D-310A-4FBC-BFB3-D351CD8808D5}.Release|Any CPU.Build.0 = Release|Any CPU
		{655751B5-CCA8-40B4-991E-4D20E9F41BDD}.Debug|Any CPU.ActiveCfg = Debug|Any CPU
		{655751B5-CCA8-40B4-991E-4D20E9F41BDD}.Debug|Any CPU.Build.0 = Debug|Any CPU
		{655751B5-CCA8-40B4-991E-4D20E9F41BDD}.Release|Any CPU.ActiveCfg = Release|Any CPU
		{655751B5-CCA8-40B4-991E-4D20E9F41BDD}.Release|Any CPU.Build.0 = Release|Any CPU
		{31489A88-D6B6-4620-8499-E6FF8B0FBBC9}.Debug|Any CPU.ActiveCfg = Debug|Any CPU
		{31489A88-D6B6-4620-8499-E6FF8B0FBBC9}.Debug|Any CPU.Build.0 = Debug|Any CPU
		{31489A88-D6B6-4620-8499-E6FF8B0FBBC9}.Release|Any CPU.ActiveCfg = Release|Any CPU
		{31489A88-D6B6-4620-8499-E6FF8B0FBBC9}.Release|Any CPU.Build.0 = Release|Any CPU
		{7913A999-A3F8-4B09-92F4-9F6BBA563967}.Debug|Any CPU.ActiveCfg = Debug|Any CPU
		{7913A999-A3F8-4B09-92F4-9F6BBA563967}.Debug|Any CPU.Build.0 = Debug|Any CPU
		{7913A999-A3F8-4B09-92F4-9F6BBA563967}.Release|Any CPU.ActiveCfg = Release|Any CPU
		{7913A999-A3F8-4B09-92F4-9F6BBA563967}.Release|Any CPU.Build.0 = Release|Any CPU
		{E556B48C-44A1-4AC5-B765-0BC8FA98CF96}.Debug|Any CPU.ActiveCfg = Debug|Any CPU
		{E556B48C-44A1-4AC5-B765-0BC8FA98CF96}.Debug|Any CPU.Build.0 = Debug|Any CPU
		{E556B48C-44A1-4AC5-B765-0BC8FA98CF96}.Release|Any CPU.ActiveCfg = Release|Any CPU
		{E556B48C-44A1-4AC5-B765-0BC8FA98CF96}.Release|Any CPU.Build.0 = Release|Any CPU
		{6EA39307-217B-47AB-8C98-470BDFE7C9D4}.Debug|Any CPU.ActiveCfg = Debug|Any CPU
		{6EA39307-217B-47AB-8C98-470BDFE7C9D4}.Debug|Any CPU.Build.0 = Debug|Any CPU
		{6EA39307-217B-47AB-8C98-470BDFE7C9D4}.Release|Any CPU.ActiveCfg = Release|Any CPU
		{6EA39307-217B-47AB-8C98-470BDFE7C9D4}.Release|Any CPU.Build.0 = Release|Any CPU
		{A820341B-2B23-41BA-8F02-CB3D7CE5571E}.Debug|Any CPU.ActiveCfg = Debug|Any CPU
		{A820341B-2B23-41BA-8F02-CB3D7CE5571E}.Debug|Any CPU.Build.0 = Debug|Any CPU
		{A820341B-2B23-41BA-8F02-CB3D7CE5571E}.Release|Any CPU.ActiveCfg = Release|Any CPU
		{A820341B-2B23-41BA-8F02-CB3D7CE5571E}.Release|Any CPU.Build.0 = Release|Any CPU
	EndGlobalSection
	GlobalSection(SolutionProperties) = preSolution
		HideSolutionNode = FALSE
	EndGlobalSection
	GlobalSection(ExtensibilityGlobals) = postSolution
		SolutionGuid = {27CA2371-33E5-43C3-A821-0F39E91F75C1}
	EndGlobalSection
EndGlobal
