
Microsoft Visual Studio Solution File, Format Version 12.00
# Visual Studio Version 17
VisualStudioVersion = 17.11.35303.130
MinimumVisualStudioVersion = 10.0.40219.1
Project("{9A19103F-16F7-4668-BE54-9A1E7A4F7556}") = "ex01", "ex01\ex01.csproj", "{5BD16697-A6AE-4F67-B3F6-7492A903BF46}"
EndProject
Project("{9A19103F-16F7-4668-BE54-9A1E7A4F7556}") = "ex02", "ex02\ex02.csproj", "{107BDEE4-FCB5-43FB-A54F-A4BAA397BDAA}"
EndProject
Project("{9A19103F-16F7-4668-BE54-9A1E7A4F7556}") = "ex03", "ex03\ex03.csproj", "{CCE12CA6-A0E7-429B-96D1-26FC17AE54A4}"
EndProject
Project("{9A19103F-16F7-4668-BE54-9A1E7A4F7556}") = "ex04", "ex04\ex04.csproj", "{F3054183-DAF1-4E0A-9E67-FDD2E6908007}"
EndProject
Project("{9A19103F-16F7-4668-BE54-9A1E7A4F7556}") = "ex05", "ex05\ex05.csproj", "{5D25577D-DED2-4222-93DF-BF93B6A3D6D6}"
EndProject
Project("{9A19103F-16F7-4668-BE54-9A1E7A4F7556}") = "ex06", "ex06\ex06.csproj", "{9E3FB2BF-EDBC-48FC-AF02-74B18AE3655B}"
EndProject
Project("{9A19103F-16F7-4668-BE54-9A1E7A4F7556}") = "ex07", "ex07\ex07.csproj", "{081650DF-8203-4BF5-B93E-F07D2DD40E7F}"
EndProject
Project("{9A19103F-16F7-4668-BE54-9A1E7A4F7556}") = "ex08", "ex08\ex08.csproj", "{4CF8DA9B-8AD2-42BA-B4B7-67783C766B12}"
EndProject
Project("{9A19103F-16F7-4668-BE54-9A1E7A4F7556}") = "ex09", "ex09\ex09.csproj", "{818ED648-733A-4245-B31B-3F4B5060A711}"
EndProject
Project("{9A19103F-16F7-4668-BE54-9A1E7A4F7556}") = "ex10", "ex10\ex10.csproj", "{A5C38D00-4889-4BCE-A68D-EAC16760A2CF}"
EndProject
Project("{FAE04EC0-301F-11D3-BF4B-00C04F79EFBC}") = "ex11", "ex11\ex11.csproj", "{1B423344-CFFB-4ED2-BBA7-3AD5E19AD9C7}"
EndProject
Project("{FAE04EC0-301F-11D3-BF4B-00C04F79EFBC}") = "ex12", "ex12\ex12.csproj", "{5B3DD61D-9E83-464D-BD3D-26956BAADDD0}"
EndProject
Project("{FAE04EC0-301F-11D3-BF4B-00C04F79EFBC}") = "ex13", "ex13\ex13.csproj", "{13A28ABA-5745-44A2-928F-AB9E7DBBC468}"
EndProject
Project("{FAE04EC0-301F-11D3-BF4B-00C04F79EFBC}") = "ex14", "ex14\ex14.csproj", "{D185B0AF-96FA-4421-BF18-E981E8216EC6}"
EndProject
Project("{FAE04EC0-301F-11D3-BF4B-00C04F79EFBC}") = "ex15", "ex15\ex15.csproj", "{552D3574-D417-479B-B09E-0D714E9EC15C}"
EndProject
Project("{FAE04EC0-301F-11D3-BF4B-00C04F79EFBC}") = "ex16", "ex16\ex16.csproj", "{4D53DA10-F671-4BDB-AC4B-A65D212417E6}"
EndProject
Project("{FAE04EC0-301F-11D3-BF4B-00C04F79EFBC}") = "ex17", "ex17\ex17.csproj", "{4F4E704A-E273-45EF-99F4-E4D2449D560B}"
EndProject
Project("{FAE04EC0-301F-11D3-BF4B-00C04F79EFBC}") = "ex18", "ex18\ex18.csproj", "{21B5EB8E-948D-4CB9-A6F1-26850491503E}"
EndProject
Project("{FAE04EC0-301F-11D3-BF4B-00C04F79EFBC}") = "ex19", "ex19\ex19.csproj", "{F52FCBDF-7B79-42F7-BAE7-0CF9B3468D72}"
EndProject
Project("{FAE04EC0-301F-11D3-BF4B-00C04F79EFBC}") = "ex20", "ex20\ex20.csproj", "{244C084C-90D8-451E-95AA-59FBC3B11AF3}"
EndProject
Project("{FAE04EC0-301F-11D3-BF4B-00C04F79EFBC}") = "ex21", "ex21\ex21.csproj", "{8872ACA8-B5D3-4E28-8636-BEBE78248F3F}"
EndProject
Project("{FAE04EC0-301F-11D3-BF4B-00C04F79EFBC}") = "ex22", "ex22\ex22.csproj", "{E8AB836A-9576-4000-8F88-7B88BD226681}"
EndProject
Project("{FAE04EC0-301F-11D3-BF4B-00C04F79EFBC}") = "exemployee", "exemployee\exemployee.csproj", "{0FC3413E-D081-49BD-A853-3B3F60DE4817}"
EndProject
Global
	GlobalSection(SolutionConfigurationPlatforms) = preSolution
		Debug|Any CPU = Debug|Any CPU
		Release|Any CPU = Release|Any CPU
	EndGlobalSection
	GlobalSection(ProjectConfigurationPlatforms) = postSolution
		{5BD16697-A6AE-4F67-B3F6-7492A903BF46}.Debug|Any CPU.ActiveCfg = Debug|Any CPU
		{5BD16697-A6AE-4F67-B3F6-7492A903BF46}.Debug|Any CPU.Build.0 = Debug|Any CPU
		{5BD16697-A6AE-4F67-B3F6-7492A903BF46}.Release|Any CPU.ActiveCfg = Release|Any CPU
		{5BD16697-A6AE-4F67-B3F6-7492A903BF46}.Release|Any CPU.Build.0 = Release|Any CPU
		{107BDEE4-FCB5-43FB-A54F-A4BAA397BDAA}.Debug|Any CPU.ActiveCfg = Debug|Any CPU
		{107BDEE4-FCB5-43FB-A54F-A4BAA397BDAA}.Debug|Any CPU.Build.0 = Debug|Any CPU
		{107BDEE4-FCB5-43FB-A54F-A4BAA397BDAA}.Release|Any CPU.ActiveCfg = Release|Any CPU
		{107BDEE4-FCB5-43FB-A54F-A4BAA397BDAA}.Release|Any CPU.Build.0 = Release|Any CPU
		{CCE12CA6-A0E7-429B-96D1-26FC17AE54A4}.Debug|Any CPU.ActiveCfg = Debug|Any CPU
		{CCE12CA6-A0E7-429B-96D1-26FC17AE54A4}.Debug|Any CPU.Build.0 = Debug|Any CPU
		{CCE12CA6-A0E7-429B-96D1-26FC17AE54A4}.Release|Any CPU.ActiveCfg = Release|Any CPU
		{CCE12CA6-A0E7-429B-96D1-26FC17AE54A4}.Release|Any CPU.Build.0 = Release|Any CPU
		{F3054183-DAF1-4E0A-9E67-FDD2E6908007}.Debug|Any CPU.ActiveCfg = Debug|Any CPU
		{F3054183-DAF1-4E0A-9E67-FDD2E6908007}.Debug|Any CPU.Build.0 = Debug|Any CPU
		{F3054183-DAF1-4E0A-9E67-FDD2E6908007}.Release|Any CPU.ActiveCfg = Release|Any CPU
		{F3054183-DAF1-4E0A-9E67-FDD2E6908007}.Release|Any CPU.Build.0 = Release|Any CPU
		{5D25577D-DED2-4222-93DF-BF93B6A3D6D6}.Debug|Any CPU.ActiveCfg = Debug|Any CPU
		{5D25577D-DED2-4222-93DF-BF93B6A3D6D6}.Debug|Any CPU.Build.0 = Debug|Any CPU
		{5D25577D-DED2-4222-93DF-BF93B6A3D6D6}.Release|Any CPU.ActiveCfg = Release|Any CPU
		{5D25577D-DED2-4222-93DF-BF93B6A3D6D6}.Release|Any CPU.Build.0 = Release|Any CPU
		{9E3FB2BF-EDBC-48FC-AF02-74B18AE3655B}.Debug|Any CPU.ActiveCfg = Debug|Any CPU
		{9E3FB2BF-EDBC-48FC-AF02-74B18AE3655B}.Debug|Any CPU.Build.0 = Debug|Any CPU
		{9E3FB2BF-EDBC-48FC-AF02-74B18AE3655B}.Release|Any CPU.ActiveCfg = Release|Any CPU
		{9E3FB2BF-EDBC-48FC-AF02-74B18AE3655B}.Release|Any CPU.Build.0 = Release|Any CPU
		{081650DF-8203-4BF5-B93E-F07D2DD40E7F}.Debug|Any CPU.ActiveCfg = Debug|Any CPU
		{081650DF-8203-4BF5-B93E-F07D2DD40E7F}.Debug|Any CPU.Build.0 = Debug|Any CPU
		{081650DF-8203-4BF5-B93E-F07D2DD40E7F}.Release|Any CPU.ActiveCfg = Release|Any CPU
		{081650DF-8203-4BF5-B93E-F07D2DD40E7F}.Release|Any CPU.Build.0 = Release|Any CPU
		{4CF8DA9B-8AD2-42BA-B4B7-67783C766B12}.Debug|Any CPU.ActiveCfg = Debug|Any CPU
		{4CF8DA9B-8AD2-42BA-B4B7-67783C766B12}.Debug|Any CPU.Build.0 = Debug|Any CPU
		{4CF8DA9B-8AD2-42BA-B4B7-67783C766B12}.Release|Any CPU.ActiveCfg = Release|Any CPU
		{4CF8DA9B-8AD2-42BA-B4B7-67783C766B12}.Release|Any CPU.Build.0 = Release|Any CPU
		{818ED648-733A-4245-B31B-3F4B5060A711}.Debug|Any CPU.ActiveCfg = Debug|Any CPU
		{818ED648-733A-4245-B31B-3F4B5060A711}.Debug|Any CPU.Build.0 = Debug|Any CPU
		{818ED648-733A-4245-B31B-3F4B5060A711}.Release|Any CPU.ActiveCfg = Release|Any CPU
		{818ED648-733A-4245-B31B-3F4B5060A711}.Release|Any CPU.Build.0 = Release|Any CPU
		{A5C38D00-4889-4BCE-A68D-EAC16760A2CF}.Debug|Any CPU.ActiveCfg = Debug|Any CPU
		{A5C38D00-4889-4BCE-A68D-EAC16760A2CF}.Debug|Any CPU.Build.0 = Debug|Any CPU
		{A5C38D00-4889-4BCE-A68D-EAC16760A2CF}.Release|Any CPU.ActiveCfg = Release|Any CPU
		{A5C38D00-4889-4BCE-A68D-EAC16760A2CF}.Release|Any CPU.Build.0 = Release|Any CPU
		{1B423344-CFFB-4ED2-BBA7-3AD5E19AD9C7}.Debug|Any CPU.ActiveCfg = Debug|Any CPU
		{1B423344-CFFB-4ED2-BBA7-3AD5E19AD9C7}.Debug|Any CPU.Build.0 = Debug|Any CPU
		{1B423344-CFFB-4ED2-BBA7-3AD5E19AD9C7}.Release|Any CPU.ActiveCfg = Release|Any CPU
		{1B423344-CFFB-4ED2-BBA7-3AD5E19AD9C7}.Release|Any CPU.Build.0 = Release|Any CPU
		{5B3DD61D-9E83-464D-BD3D-26956BAADDD0}.Debug|Any CPU.ActiveCfg = Debug|Any CPU
		{5B3DD61D-9E83-464D-BD3D-26956BAADDD0}.Debug|Any CPU.Build.0 = Debug|Any CPU
		{5B3DD61D-9E83-464D-BD3D-26956BAADDD0}.Release|Any CPU.ActiveCfg = Release|Any CPU
		{5B3DD61D-9E83-464D-BD3D-26956BAADDD0}.Release|Any CPU.Build.0 = Release|Any CPU
		{13A28ABA-5745-44A2-928F-AB9E7DBBC468}.Debug|Any CPU.ActiveCfg = Debug|Any CPU
		{13A28ABA-5745-44A2-928F-AB9E7DBBC468}.Debug|Any CPU.Build.0 = Debug|Any CPU
		{13A28ABA-5745-44A2-928F-AB9E7DBBC468}.Release|Any CPU.ActiveCfg = Release|Any CPU
		{13A28ABA-5745-44A2-928F-AB9E7DBBC468}.Release|Any CPU.Build.0 = Release|Any CPU
		{D185B0AF-96FA-4421-BF18-E981E8216EC6}.Debug|Any CPU.ActiveCfg = Debug|Any CPU
		{D185B0AF-96FA-4421-BF18-E981E8216EC6}.Debug|Any CPU.Build.0 = Debug|Any CPU
		{D185B0AF-96FA-4421-BF18-E981E8216EC6}.Release|Any CPU.ActiveCfg = Release|Any CPU
		{D185B0AF-96FA-4421-BF18-E981E8216EC6}.Release|Any CPU.Build.0 = Release|Any CPU
		{552D3574-D417-479B-B09E-0D714E9EC15C}.Debug|Any CPU.ActiveCfg = Debug|Any CPU
		{552D3574-D417-479B-B09E-0D714E9EC15C}.Debug|Any CPU.Build.0 = Debug|Any CPU
		{552D3574-D417-479B-B09E-0D714E9EC15C}.Release|Any CPU.ActiveCfg = Release|Any CPU
		{552D3574-D417-479B-B09E-0D714E9EC15C}.Release|Any CPU.Build.0 = Release|Any CPU
		{4D53DA10-F671-4BDB-AC4B-A65D212417E6}.Debug|Any CPU.ActiveCfg = Debug|Any CPU
		{4D53DA10-F671-4BDB-AC4B-A65D212417E6}.Debug|Any CPU.Build.0 = Debug|Any CPU
		{4D53DA10-F671-4BDB-AC4B-A65D212417E6}.Release|Any CPU.ActiveCfg = Release|Any CPU
		{4D53DA10-F671-4BDB-AC4B-A65D212417E6}.Release|Any CPU.Build.0 = Release|Any CPU
		{4F4E704A-E273-45EF-99F4-E4D2449D560B}.Debug|Any CPU.ActiveCfg = Debug|Any CPU
		{4F4E704A-E273-45EF-99F4-E4D2449D560B}.Debug|Any CPU.Build.0 = Debug|Any CPU
		{4F4E704A-E273-45EF-99F4-E4D2449D560B}.Release|Any CPU.ActiveCfg = Release|Any CPU
		{4F4E704A-E273-45EF-99F4-E4D2449D560B}.Release|Any CPU.Build.0 = Release|Any CPU
		{21B5EB8E-948D-4CB9-A6F1-26850491503E}.Debug|Any CPU.ActiveCfg = Debug|Any CPU
		{21B5EB8E-948D-4CB9-A6F1-26850491503E}.Debug|Any CPU.Build.0 = Debug|Any CPU
		{21B5EB8E-948D-4CB9-A6F1-26850491503E}.Release|Any CPU.ActiveCfg = Release|Any CPU
		{21B5EB8E-948D-4CB9-A6F1-26850491503E}.Release|Any CPU.Build.0 = Release|Any CPU
		{F52FCBDF-7B79-42F7-BAE7-0CF9B3468D72}.Debug|Any CPU.ActiveCfg = Debug|Any CPU
		{F52FCBDF-7B79-42F7-BAE7-0CF9B3468D72}.Debug|Any CPU.Build.0 = Debug|Any CPU
		{F52FCBDF-7B79-42F7-BAE7-0CF9B3468D72}.Release|Any CPU.ActiveCfg = Release|Any CPU
		{F52FCBDF-7B79-42F7-BAE7-0CF9B3468D72}.Release|Any CPU.Build.0 = Release|Any CPU
		{244C084C-90D8-451E-95AA-59FBC3B11AF3}.Debug|Any CPU.ActiveCfg = Debug|Any CPU
		{244C084C-90D8-451E-95AA-59FBC3B11AF3}.Debug|Any CPU.Build.0 = Debug|Any CPU
		{244C084C-90D8-451E-95AA-59FBC3B11AF3}.Release|Any CPU.ActiveCfg = Release|Any CPU
		{244C084C-90D8-451E-95AA-59FBC3B11AF3}.Release|Any CPU.Build.0 = Release|Any CPU
		{8872ACA8-B5D3-4E28-8636-BEBE78248F3F}.Debug|Any CPU.ActiveCfg = Debug|Any CPU
		{8872ACA8-B5D3-4E28-8636-BEBE78248F3F}.Debug|Any CPU.Build.0 = Debug|Any CPU
		{8872ACA8-B5D3-4E28-8636-BEBE78248F3F}.Release|Any CPU.ActiveCfg = Release|Any CPU
		{8872ACA8-B5D3-4E28-8636-BEBE78248F3F}.Release|Any CPU.Build.0 = Release|Any CPU
		{E8AB836A-9576-4000-8F88-7B88BD226681}.Debug|Any CPU.ActiveCfg = Debug|Any CPU
		{E8AB836A-9576-4000-8F88-7B88BD226681}.Debug|Any CPU.Build.0 = Debug|Any CPU
		{E8AB836A-9576-4000-8F88-7B88BD226681}.Release|Any CPU.ActiveCfg = Release|Any CPU
		{E8AB836A-9576-4000-8F88-7B88BD226681}.Release|Any CPU.Build.0 = Release|Any CPU
		{0FC3413E-D081-49BD-A853-3B3F60DE4817}.Debug|Any CPU.ActiveCfg = Debug|Any CPU
		{0FC3413E-D081-49BD-A853-3B3F60DE4817}.Debug|Any CPU.Build.0 = Debug|Any CPU
		{0FC3413E-D081-49BD-A853-3B3F60DE4817}.Release|Any CPU.ActiveCfg = Release|Any CPU
		{0FC3413E-D081-49BD-A853-3B3F60DE4817}.Release|Any CPU.Build.0 = Release|Any CPU
	EndGlobalSection
	GlobalSection(SolutionProperties) = preSolution
		HideSolutionNode = FALSE
	EndGlobalSection
	GlobalSection(ExtensibilityGlobals) = postSolution
		SolutionGuid = {9C3598ED-DFFE-47B3-A86B-C3E8C33D6C1E}
	EndGlobalSection
EndGlobal
