
Microsoft Visual Studio Solution File, Format Version 12.00
# Visual Studio Version 17
VisualStudioVersion = 17.11.35303.130
MinimumVisualStudioVersion = 10.0.40219.1
Project("{9A19103F-16F7-4668-BE54-9A1E7A4F7556}") = "ex02", "ex01\ex02.csproj", "{EBF8E9E2-968B-4AAE-8794-D7B03F4D96DD}"
EndProject
Project("{9A19103F-16F7-4668-BE54-9A1E7A4F7556}") = "ex01", "ex1\ex01.csproj", "{37D7ADE8-337E-4996-BBC1-CDE525672A50}"
EndProject
Project("{9A19103F-16F7-4668-BE54-9A1E7A4F7556}") = "ex03", "ex03\ex03.csproj", "{3104D92B-FBAB-496B-A778-6BB0BA867DFE}"
EndProject
Project("{9A19103F-16F7-4668-BE54-9A1E7A4F7556}") = "ex04", "ex04\ex04.csproj", "{3B5152D0-D83B-465F-8495-0C15B738A075}"
EndProject
Project("{9A19103F-16F7-4668-BE54-9A1E7A4F7556}") = "ex05", "ex05\ex05.csproj", "{6F804B97-07D4-45CE-A674-9114B5428078}"
EndProject
Project("{9A19103F-16F7-4668-BE54-9A1E7A4F7556}") = "ex06", "ex06\ex06.csproj", "{E2479E28-ED4F-4AA0-A87E-A72571EB88C9}"
EndProject
Project("{9A19103F-16F7-4668-BE54-9A1E7A4F7556}") = "ex07", "ex07\ex07.csproj", "{C518E793-C0D2-4867-8B5F-84BD6CC95F98}"
EndProject
Project("{9A19103F-16F7-4668-BE54-9A1E7A4F7556}") = "ex08", "ex08\ex08.csproj", "{7F05DED9-F096-4528-BD2F-6620FBF15814}"
EndProject
Project("{9A19103F-16F7-4668-BE54-9A1E7A4F7556}") = "ex09", "ex09\ex09.csproj", "{D37DE506-5023-4B9B-B1BF-3E4605A735B5}"
EndProject
Project("{9A19103F-16F7-4668-BE54-9A1E7A4F7556}") = "ex10", "ex10\ex10.csproj", "{5EDF5540-70D3-4EA8-B6EC-F4D83CE3B3E7}"
EndProject
Project("{9A19103F-16F7-4668-BE54-9A1E7A4F7556}") = "ex11", "ex11\ex11.csproj", "{72EC299F-5C0A-471F-9386-479DBE212B02}"
EndProject
Project("{9A19103F-16F7-4668-BE54-9A1E7A4F7556}") = "ex18", "ex18\ex18.csproj", "{CB49CBEB-3870-490C-AC23-FFEC9D145D3E}"
EndProject
Project("{9A19103F-16F7-4668-BE54-9A1E7A4F7556}") = "ex12", "ex12\ex12.csproj", "{517AFE37-89A7-4873-B6A7-F797587BAFB7}"
EndProject
Project("{9A19103F-16F7-4668-BE54-9A1E7A4F7556}") = "ex13", "ex13\ex13.csproj", "{E7874ECB-5CFB-4F43-9D18-C6D9A264475D}"
EndProject
Project("{9A19103F-16F7-4668-BE54-9A1E7A4F7556}") = "ex14", "ex14\ex14.csproj", "{B5F85CDB-B541-4D61-999B-1CA8D19D926C}"
EndProject
Project("{9A19103F-16F7-4668-BE54-9A1E7A4F7556}") = "ex15", "ex15\ex15.csproj", "{73AEE267-0BC1-4755-B9F0-FE9725C49EA6}"
EndProject
Project("{FAE04EC0-301F-11D3-BF4B-00C04F79EFBC}") = "ex16", "ex16\ex16.csproj", "{53CA4D02-49E1-4CFA-8983-A8D858FF2A07}"
EndProject
Project("{FAE04EC0-301F-11D3-BF4B-00C04F79EFBC}") = "ex17", "ex17\ex17.csproj", "{66736611-6281-40B9-BA88-41D70B758902}"
EndProject
Global
	GlobalSection(SolutionConfigurationPlatforms) = preSolution
		Debug|Any CPU = Debug|Any CPU
		Release|Any CPU = Release|Any CPU
	EndGlobalSection
	GlobalSection(ProjectConfigurationPlatforms) = postSolution
		{EBF8E9E2-968B-4AAE-8794-D7B03F4D96DD}.Debug|Any CPU.ActiveCfg = Debug|Any CPU
		{EBF8E9E2-968B-4AAE-8794-D7B03F4D96DD}.Debug|Any CPU.Build.0 = Debug|Any CPU
		{EBF8E9E2-968B-4AAE-8794-D7B03F4D96DD}.Release|Any CPU.ActiveCfg = Release|Any CPU
		{EBF8E9E2-968B-4AAE-8794-D7B03F4D96DD}.Release|Any CPU.Build.0 = Release|Any CPU
		{37D7ADE8-337E-4996-BBC1-CDE525672A50}.Debug|Any CPU.ActiveCfg = Debug|Any CPU
		{37D7ADE8-337E-4996-BBC1-CDE525672A50}.Debug|Any CPU.Build.0 = Debug|Any CPU
		{37D7ADE8-337E-4996-BBC1-CDE525672A50}.Release|Any CPU.ActiveCfg = Release|Any CPU
		{37D7ADE8-337E-4996-BBC1-CDE525672A50}.Release|Any CPU.Build.0 = Release|Any CPU
		{3104D92B-FBAB-496B-A778-6BB0BA867DFE}.Debug|Any CPU.ActiveCfg = Debug|Any CPU
		{3104D92B-FBAB-496B-A778-6BB0BA867DFE}.Debug|Any CPU.Build.0 = Debug|Any CPU
		{3104D92B-FBAB-496B-A778-6BB0BA867DFE}.Release|Any CPU.ActiveCfg = Release|Any CPU
		{3104D92B-FBAB-496B-A778-6BB0BA867DFE}.Release|Any CPU.Build.0 = Release|Any CPU
		{3B5152D0-D83B-465F-8495-0C15B738A075}.Debug|Any CPU.ActiveCfg = Debug|Any CPU
		{3B5152D0-D83B-465F-8495-0C15B738A075}.Debug|Any CPU.Build.0 = Debug|Any CPU
		{3B5152D0-D83B-465F-8495-0C15B738A075}.Release|Any CPU.ActiveCfg = Release|Any CPU
		{3B5152D0-D83B-465F-8495-0C15B738A075}.Release|Any CPU.Build.0 = Release|Any CPU
		{6F804B97-07D4-45CE-A674-9114B5428078}.Debug|Any CPU.ActiveCfg = Debug|Any CPU
		{6F804B97-07D4-45CE-A674-9114B5428078}.Debug|Any CPU.Build.0 = Debug|Any CPU
		{6F804B97-07D4-45CE-A674-9114B5428078}.Release|Any CPU.ActiveCfg = Release|Any CPU
		{6F804B97-07D4-45CE-A674-9114B5428078}.Release|Any CPU.Build.0 = Release|Any CPU
		{E2479E28-ED4F-4AA0-A87E-A72571EB88C9}.Debug|Any CPU.ActiveCfg = Debug|Any CPU
		{E2479E28-ED4F-4AA0-A87E-A72571EB88C9}.Debug|Any CPU.Build.0 = Debug|Any CPU
		{E2479E28-ED4F-4AA0-A87E-A72571EB88C9}.Release|Any CPU.ActiveCfg = Release|Any CPU
		{E2479E28-ED4F-4AA0-A87E-A72571EB88C9}.Release|Any CPU.Build.0 = Release|Any CPU
		{C518E793-C0D2-4867-8B5F-84BD6CC95F98}.Debug|Any CPU.ActiveCfg = Debug|Any CPU
		{C518E793-C0D2-4867-8B5F-84BD6CC95F98}.Debug|Any CPU.Build.0 = Debug|Any CPU
		{C518E793-C0D2-4867-8B5F-84BD6CC95F98}.Release|Any CPU.ActiveCfg = Release|Any CPU
		{C518E793-C0D2-4867-8B5F-84BD6CC95F98}.Release|Any CPU.Build.0 = Release|Any CPU
		{7F05DED9-F096-4528-BD2F-6620FBF15814}.Debug|Any CPU.ActiveCfg = Debug|Any CPU
		{7F05DED9-F096-4528-BD2F-6620FBF15814}.Debug|Any CPU.Build.0 = Debug|Any CPU
		{7F05DED9-F096-4528-BD2F-6620FBF15814}.Release|Any CPU.ActiveCfg = Release|Any CPU
		{7F05DED9-F096-4528-BD2F-6620FBF15814}.Release|Any CPU.Build.0 = Release|Any CPU
		{D37DE506-5023-4B9B-B1BF-3E4605A735B5}.Debug|Any CPU.ActiveCfg = Debug|Any CPU
		{D37DE506-5023-4B9B-B1BF-3E4605A735B5}.Debug|Any CPU.Build.0 = Debug|Any CPU
		{D37DE506-5023-4B9B-B1BF-3E4605A735B5}.Release|Any CPU.ActiveCfg = Release|Any CPU
		{D37DE506-5023-4B9B-B1BF-3E4605A735B5}.Release|Any CPU.Build.0 = Release|Any CPU
		{5EDF5540-70D3-4EA8-B6EC-F4D83CE3B3E7}.Debug|Any CPU.ActiveCfg = Debug|Any CPU
		{5EDF5540-70D3-4EA8-B6EC-F4D83CE3B3E7}.Debug|Any CPU.Build.0 = Debug|Any CPU
		{5EDF5540-70D3-4EA8-B6EC-F4D83CE3B3E7}.Release|Any CPU.ActiveCfg = Release|Any CPU
		{5EDF5540-70D3-4EA8-B6EC-F4D83CE3B3E7}.Release|Any CPU.Build.0 = Release|Any CPU
		{72EC299F-5C0A-471F-9386-479DBE212B02}.Debug|Any CPU.ActiveCfg = Debug|Any CPU
		{72EC299F-5C0A-471F-9386-479DBE212B02}.Debug|Any CPU.Build.0 = Debug|Any CPU
		{72EC299F-5C0A-471F-9386-479DBE212B02}.Release|Any CPU.ActiveCfg = Release|Any CPU
		{72EC299F-5C0A-471F-9386-479DBE212B02}.Release|Any CPU.Build.0 = Release|Any CPU
		{CB49CBEB-3870-490C-AC23-FFEC9D145D3E}.Debug|Any CPU.ActiveCfg = Debug|Any CPU
		{CB49CBEB-3870-490C-AC23-FFEC9D145D3E}.Debug|Any CPU.Build.0 = Debug|Any CPU
		{CB49CBEB-3870-490C-AC23-FFEC9D145D3E}.Release|Any CPU.ActiveCfg = Release|Any CPU
		{CB49CBEB-3870-490C-AC23-FFEC9D145D3E}.Release|Any CPU.Build.0 = Release|Any CPU
		{517AFE37-89A7-4873-B6A7-F797587BAFB7}.Debug|Any CPU.ActiveCfg = Debug|Any CPU
		{517AFE37-89A7-4873-B6A7-F797587BAFB7}.Debug|Any CPU.Build.0 = Debug|Any CPU
		{517AFE37-89A7-4873-B6A7-F797587BAFB7}.Release|Any CPU.ActiveCfg = Release|Any CPU
		{517AFE37-89A7-4873-B6A7-F797587BAFB7}.Release|Any CPU.Build.0 = Release|Any CPU
		{E7874ECB-5CFB-4F43-9D18-C6D9A264475D}.Debug|Any CPU.ActiveCfg = Debug|Any CPU
		{E7874ECB-5CFB-4F43-9D18-C6D9A264475D}.Debug|Any CPU.Build.0 = Debug|Any CPU
		{E7874ECB-5CFB-4F43-9D18-C6D9A264475D}.Release|Any CPU.ActiveCfg = Release|Any CPU
		{E7874ECB-5CFB-4F43-9D18-C6D9A264475D}.Release|Any CPU.Build.0 = Release|Any CPU
		{B5F85CDB-B541-4D61-999B-1CA8D19D926C}.Debug|Any CPU.ActiveCfg = Debug|Any CPU
		{B5F85CDB-B541-4D61-999B-1CA8D19D926C}.Debug|Any CPU.Build.0 = Debug|Any CPU
		{B5F85CDB-B541-4D61-999B-1CA8D19D926C}.Release|Any CPU.ActiveCfg = Release|Any CPU
		{B5F85CDB-B541-4D61-999B-1CA8D19D926C}.Release|Any CPU.Build.0 = Release|Any CPU
		{73AEE267-0BC1-4755-B9F0-FE9725C49EA6}.Debug|Any CPU.ActiveCfg = Debug|Any CPU
		{73AEE267-0BC1-4755-B9F0-FE9725C49EA6}.Debug|Any CPU.Build.0 = Debug|Any CPU
		{73AEE267-0BC1-4755-B9F0-FE9725C49EA6}.Release|Any CPU.ActiveCfg = Release|Any CPU
		{73AEE267-0BC1-4755-B9F0-FE9725C49EA6}.Release|Any CPU.Build.0 = Release|Any CPU
		{53CA4D02-49E1-4CFA-8983-A8D858FF2A07}.Debug|Any CPU.ActiveCfg = Debug|Any CPU
		{53CA4D02-49E1-4CFA-8983-A8D858FF2A07}.Debug|Any CPU.Build.0 = Debug|Any CPU
		{53CA4D02-49E1-4CFA-8983-A8D858FF2A07}.Release|Any CPU.ActiveCfg = Release|Any CPU
		{53CA4D02-49E1-4CFA-8983-A8D858FF2A07}.Release|Any CPU.Build.0 = Release|Any CPU
		{66736611-6281-40B9-BA88-41D70B758902}.Debug|Any CPU.ActiveCfg = Debug|Any CPU
		{66736611-6281-40B9-BA88-41D70B758902}.Debug|Any CPU.Build.0 = Debug|Any CPU
		{66736611-6281-40B9-BA88-41D70B758902}.Release|Any CPU.ActiveCfg = Release|Any CPU
		{66736611-6281-40B9-BA88-41D70B758902}.Release|Any CPU.Build.0 = Release|Any CPU
	EndGlobalSection
	GlobalSection(SolutionProperties) = preSolution
		HideSolutionNode = FALSE
	EndGlobalSection
	GlobalSection(ExtensibilityGlobals) = postSolution
		SolutionGuid = {9C421728-454E-4AC6-9DA9-029F44C65105}
	EndGlobalSection
EndGlobal
