
Microsoft Visual Studio Solution File, Format Version 12.00
# Visual Studio Version 17
VisualStudioVersion = 17.11.35303.130
MinimumVisualStudioVersion = 10.0.40219.1
Project("{FAE04EC0-301F-11D3-BF4B-00C04F79EFBC}") = "ex01", "ex01\ex01.csproj", "{EB53F28D-00B4-497E-9A6F-6741FE78084C}"
EndProject
Global
	GlobalSection(SolutionConfigurationPlatforms) = preSolution
		Debug|Any CPU = Debug|Any CPU
		Release|Any CPU = Release|Any CPU
	EndGlobalSection
	GlobalSection(ProjectConfigurationPlatforms) = postSolution
		{EB53F28D-00B4-497E-9A6F-6741FE78084C}.Debug|Any CPU.ActiveCfg = Debug|Any CPU
		{EB53F28D-00B4-497E-9A6F-6741FE78084C}.Debug|Any CPU.Build.0 = Debug|Any CPU
		{EB53F28D-00B4-497E-9A6F-6741FE78084C}.Release|Any CPU.ActiveCfg = Release|Any CPU
		{EB53F28D-00B4-497E-9A6F-6741FE78084C}.Release|Any CPU.Build.0 = Release|Any CPU
	EndGlobalSection
	GlobalSection(SolutionProperties) = preSolution
		HideSolutionNode = FALSE
	EndGlobalSection
	GlobalSection(ExtensibilityGlobals) = postSolution
		SolutionGuid = {BB48B362-B318-4F18-83F8-4C85363CC24A}
	EndGlobalSection
EndGlobal
