
Microsoft Visual Studio Solution File, Format Version 12.00
# Visual Studio Version 17
VisualStudioVersion = 17.11.35303.130
MinimumVisualStudioVersion = 10.0.40219.1
Project("{9A19103F-16F7-4668-BE54-9A1E7A4F7556}") = "ex01", "ex01\ex01.csproj", "{8B4C6224-1E91-440F-89EA-59C896B2CEAE}"
EndProject
Project("{9A19103F-16F7-4668-BE54-9A1E7A4F7556}") = "ex01b", "ex01b\ex01b.csproj", "{5CD8CE2D-7B23-4C50-99AD-AAD69BD22424}"
EndProject
Project("{9A19103F-16F7-4668-BE54-9A1E7A4F7556}") = "ex01c", "ex01c\ex01c.csproj", "{96F5BFF4-2D52-41A1-B774-86F9C9B79073}"
EndProject
Project("{9A19103F-16F7-4668-BE54-9A1E7A4F7556}") = "ex01d", "ex01d\ex01d.csproj", "{BBCE6FD3-CD92-4E0C-A3ED-434595CCEC0D}"
EndProject
Project("{9A19103F-16F7-4668-BE54-9A1E7A4F7556}") = "ex01e", "ex01e\ex01e.csproj", "{9CABDFAB-7853-4DD6-99E2-81A408A325B8}"
EndProject
Project("{9A19103F-16F7-4668-BE54-9A1E7A4F7556}") = "ex01f", "ex01f\ex01f.csproj", "{F837A6D8-7370-41E4-B4C2-DE3EF70235D8}"
EndProject
Project("{9A19103F-16F7-4668-BE54-9A1E7A4F7556}") = "ex02", "ex02\ex02.csproj", "{9112F7F9-B5E4-42E1-9146-001D044FD24C}"
EndProject
Project("{9A19103F-16F7-4668-BE54-9A1E7A4F7556}") = "ex02b", "ex02b\ex02b.csproj", "{246F1CB9-4ACD-4E9E-9A1B-88AA830A7877}"
EndProject
Project("{9A19103F-16F7-4668-BE54-9A1E7A4F7556}") = "ex03", "ex03\ex03.csproj", "{9FF1357B-1FDF-4FE5-9CCD-A478CF57516A}"
EndProject
Project("{9A19103F-16F7-4668-BE54-9A1E7A4F7556}") = "ex03b", "ex03b\ex03b.csproj", "{81EA4E72-C504-4DB7-B5DF-B68978F8350F}"
EndProject
Project("{9A19103F-16F7-4668-BE54-9A1E7A4F7556}") = "ex03a_b", "ex03a_b\ex03a_b.csproj", "{4B7854BB-178C-4056-B71A-721BD8143EEB}"
EndProject
Project("{9A19103F-16F7-4668-BE54-9A1E7A4F7556}") = "ex04", "ex04\ex04.csproj", "{B08EA299-58F4-437B-A824-4AADC7DDDB1C}"
EndProject
Project("{9A19103F-16F7-4668-BE54-9A1E7A4F7556}") = "ex05b", "ex05\ex05b.csproj", "{FA64A19B-483F-479E-995A-35F8F6FBBDFC}"
EndProject
Project("{9A19103F-16F7-4668-BE54-9A1E7A4F7556}") = "ex05a", "ex05a\ex05a.csproj", "{4FFE4EFB-C245-4200-AA7D-E65E4FB582DB}"
EndProject
Project("{9A19103F-16F7-4668-BE54-9A1E7A4F7556}") = "ex05c", "ex05c\ex05c.csproj", "{B377B761-A0FD-426B-AD49-8D0F392943B3}"
EndProject
Project("{9A19103F-16F7-4668-BE54-9A1E7A4F7556}") = "ex05d", "ex05d\ex05d.csproj", "{A4DF32C6-04D9-47FA-9B80-65C565CE2CFD}"
EndProject
Project("{9A19103F-16F7-4668-BE54-9A1E7A4F7556}") = "ex06a", "ex06a\ex06a.csproj", "{D4429200-E817-4A44-8D9C-AD77C3C6C7A3}"
EndProject
Project("{9A19103F-16F7-4668-BE54-9A1E7A4F7556}") = "ex06b", "ex06b\ex06b.csproj", "{C759722E-A62F-48F0-A55A-D138CB7A03F2}"
EndProject
Project("{9A19103F-16F7-4668-BE54-9A1E7A4F7556}") = "ex06c", "ex06c\ex06c.csproj", "{3F998B39-C238-49B7-836E-5F7FECEB71EB}"
EndProject
Project("{9A19103F-16F7-4668-BE54-9A1E7A4F7556}") = "ex06d", "ex06d\ex06d.csproj", "{4D6C90C4-AB67-4ABA-A1BB-D016A58435BB}"
EndProject
Project("{9A19103F-16F7-4668-BE54-9A1E7A4F7556}") = "ex06e", "ex06e\ex06e.csproj", "{A78F2E88-C1F1-4119-82A9-83DDAE098A6F}"
EndProject
Project("{FAE04EC0-301F-11D3-BF4B-00C04F79EFBC}") = "exerciciextra01", "exerciciextra01\exerciciextra01.csproj", "{E9F67FB3-A831-446F-9EC0-7F7A6AA42F8A}"
EndProject
Global
	GlobalSection(SolutionConfigurationPlatforms) = preSolution
		Debug|Any CPU = Debug|Any CPU
		Release|Any CPU = Release|Any CPU
	EndGlobalSection
	GlobalSection(ProjectConfigurationPlatforms) = postSolution
		{8B4C6224-1E91-440F-89EA-59C896B2CEAE}.Debug|Any CPU.ActiveCfg = Debug|Any CPU
		{8B4C6224-1E91-440F-89EA-59C896B2CEAE}.Debug|Any CPU.Build.0 = Debug|Any CPU
		{8B4C6224-1E91-440F-89EA-59C896B2CEAE}.Release|Any CPU.ActiveCfg = Release|Any CPU
		{8B4C6224-1E91-440F-89EA-59C896B2CEAE}.Release|Any CPU.Build.0 = Release|Any CPU
		{5CD8CE2D-7B23-4C50-99AD-AAD69BD22424}.Debug|Any CPU.ActiveCfg = Debug|Any CPU
		{5CD8CE2D-7B23-4C50-99AD-AAD69BD22424}.Debug|Any CPU.Build.0 = Debug|Any CPU
		{5CD8CE2D-7B23-4C50-99AD-AAD69BD22424}.Release|Any CPU.ActiveCfg = Release|Any CPU
		{5CD8CE2D-7B23-4C50-99AD-AAD69BD22424}.Release|Any CPU.Build.0 = Release|Any CPU
		{96F5BFF4-2D52-41A1-B774-86F9C9B79073}.Debug|Any CPU.ActiveCfg = Debug|Any CPU
		{96F5BFF4-2D52-41A1-B774-86F9C9B79073}.Debug|Any CPU.Build.0 = Debug|Any CPU
		{96F5BFF4-2D52-41A1-B774-86F9C9B79073}.Release|Any CPU.ActiveCfg = Release|Any CPU
		{96F5BFF4-2D52-41A1-B774-86F9C9B79073}.Release|Any CPU.Build.0 = Release|Any CPU
		{BBCE6FD3-CD92-4E0C-A3ED-434595CCEC0D}.Debug|Any CPU.ActiveCfg = Debug|Any CPU
		{BBCE6FD3-CD92-4E0C-A3ED-434595CCEC0D}.Debug|Any CPU.Build.0 = Debug|Any CPU
		{BBCE6FD3-CD92-4E0C-A3ED-434595CCEC0D}.Release|Any CPU.ActiveCfg = Release|Any CPU
		{BBCE6FD3-CD92-4E0C-A3ED-434595CCEC0D}.Release|Any CPU.Build.0 = Release|Any CPU
		{9CABDFAB-7853-4DD6-99E2-81A408A325B8}.Debug|Any CPU.ActiveCfg = Debug|Any CPU
		{9CABDFAB-7853-4DD6-99E2-81A408A325B8}.Debug|Any CPU.Build.0 = Debug|Any CPU
		{9CABDFAB-7853-4DD6-99E2-81A408A325B8}.Release|Any CPU.ActiveCfg = Release|Any CPU
		{9CABDFAB-7853-4DD6-99E2-81A408A325B8}.Release|Any CPU.Build.0 = Release|Any CPU
		{F837A6D8-7370-41E4-B4C2-DE3EF70235D8}.Debug|Any CPU.ActiveCfg = Debug|Any CPU
		{F837A6D8-7370-41E4-B4C2-DE3EF70235D8}.Debug|Any CPU.Build.0 = Debug|Any CPU
		{F837A6D8-7370-41E4-B4C2-DE3EF70235D8}.Release|Any CPU.ActiveCfg = Release|Any CPU
		{F837A6D8-7370-41E4-B4C2-DE3EF70235D8}.Release|Any CPU.Build.0 = Release|Any CPU
		{9112F7F9-B5E4-42E1-9146-001D044FD24C}.Debug|Any CPU.ActiveCfg = Debug|Any CPU
		{9112F7F9-B5E4-42E1-9146-001D044FD24C}.Debug|Any CPU.Build.0 = Debug|Any CPU
		{9112F7F9-B5E4-42E1-9146-001D044FD24C}.Release|Any CPU.ActiveCfg = Release|Any CPU
		{9112F7F9-B5E4-42E1-9146-001D044FD24C}.Release|Any CPU.Build.0 = Release|Any CPU
		{246F1CB9-4ACD-4E9E-9A1B-88AA830A7877}.Debug|Any CPU.ActiveCfg = Debug|Any CPU
		{246F1CB9-4ACD-4E9E-9A1B-88AA830A7877}.Debug|Any CPU.Build.0 = Debug|Any CPU
		{246F1CB9-4ACD-4E9E-9A1B-88AA830A7877}.Release|Any CPU.ActiveCfg = Release|Any CPU
		{246F1CB9-4ACD-4E9E-9A1B-88AA830A7877}.Release|Any CPU.Build.0 = Release|Any CPU
		{9FF1357B-1FDF-4FE5-9CCD-A478CF57516A}.Debug|Any CPU.ActiveCfg = Debug|Any CPU
		{9FF1357B-1FDF-4FE5-9CCD-A478CF57516A}.Debug|Any CPU.Build.0 = Debug|Any CPU
		{9FF1357B-1FDF-4FE5-9CCD-A478CF57516A}.Release|Any CPU.ActiveCfg = Release|Any CPU
		{9FF1357B-1FDF-4FE5-9CCD-A478CF57516A}.Release|Any CPU.Build.0 = Release|Any CPU
		{81EA4E72-C504-4DB7-B5DF-B68978F8350F}.Debug|Any CPU.ActiveCfg = Debug|Any CPU
		{81EA4E72-C504-4DB7-B5DF-B68978F8350F}.Debug|Any CPU.Build.0 = Debug|Any CPU
		{81EA4E72-C504-4DB7-B5DF-B68978F8350F}.Release|Any CPU.ActiveCfg = Release|Any CPU
		{81EA4E72-C504-4DB7-B5DF-B68978F8350F}.Release|Any CPU.Build.0 = Release|Any CPU
		{4B7854BB-178C-4056-B71A-721BD8143EEB}.Debug|Any CPU.ActiveCfg = Debug|Any CPU
		{4B7854BB-178C-4056-B71A-721BD8143EEB}.Debug|Any CPU.Build.0 = Debug|Any CPU
		{4B7854BB-178C-4056-B71A-721BD8143EEB}.Release|Any CPU.ActiveCfg = Release|Any CPU
		{4B7854BB-178C-4056-B71A-721BD8143EEB}.Release|Any CPU.Build.0 = Release|Any CPU
		{B08EA299-58F4-437B-A824-4AADC7DDDB1C}.Debug|Any CPU.ActiveCfg = Debug|Any CPU
		{B08EA299-58F4-437B-A824-4AADC7DDDB1C}.Debug|Any CPU.Build.0 = Debug|Any CPU
		{B08EA299-58F4-437B-A824-4AADC7DDDB1C}.Release|Any CPU.ActiveCfg = Release|Any CPU
		{B08EA299-58F4-437B-A824-4AADC7DDDB1C}.Release|Any CPU.Build.0 = Release|Any CPU
		{FA64A19B-483F-479E-995A-35F8F6FBBDFC}.Debug|Any CPU.ActiveCfg = Debug|Any CPU
		{FA64A19B-483F-479E-995A-35F8F6FBBDFC}.Debug|Any CPU.Build.0 = Debug|Any CPU
		{FA64A19B-483F-479E-995A-35F8F6FBBDFC}.Release|Any CPU.ActiveCfg = Release|Any CPU
		{FA64A19B-483F-479E-995A-35F8F6FBBDFC}.Release|Any CPU.Build.0 = Release|Any CPU
		{4FFE4EFB-C245-4200-AA7D-E65E4FB582DB}.Debug|Any CPU.ActiveCfg = Debug|Any CPU
		{4FFE4EFB-C245-4200-AA7D-E65E4FB582DB}.Debug|Any CPU.Build.0 = Debug|Any CPU
		{4FFE4EFB-C245-4200-AA7D-E65E4FB582DB}.Release|Any CPU.ActiveCfg = Release|Any CPU
		{4FFE4EFB-C245-4200-AA7D-E65E4FB582DB}.Release|Any CPU.Build.0 = Release|Any CPU
		{B377B761-A0FD-426B-AD49-8D0F392943B3}.Debug|Any CPU.ActiveCfg = Debug|Any CPU
		{B377B761-A0FD-426B-AD49-8D0F392943B3}.Debug|Any CPU.Build.0 = Debug|Any CPU
		{B377B761-A0FD-426B-AD49-8D0F392943B3}.Release|Any CPU.ActiveCfg = Release|Any CPU
		{B377B761-A0FD-426B-AD49-8D0F392943B3}.Release|Any CPU.Build.0 = Release|Any CPU
		{A4DF32C6-04D9-47FA-9B80-65C565CE2CFD}.Debug|Any CPU.ActiveCfg = Debug|Any CPU
		{A4DF32C6-04D9-47FA-9B80-65C565CE2CFD}.Debug|Any CPU.Build.0 = Debug|Any CPU
		{A4DF32C6-04D9-47FA-9B80-65C565CE2CFD}.Release|Any CPU.ActiveCfg = Release|Any CPU
		{A4DF32C6-04D9-47FA-9B80-65C565CE2CFD}.Release|Any CPU.Build.0 = Release|Any CPU
		{D4429200-E817-4A44-8D9C-AD77C3C6C7A3}.Debug|Any CPU.ActiveCfg = Debug|Any CPU
		{D4429200-E817-4A44-8D9C-AD77C3C6C7A3}.Debug|Any CPU.Build.0 = Debug|Any CPU
		{D4429200-E817-4A44-8D9C-AD77C3C6C7A3}.Release|Any CPU.ActiveCfg = Release|Any CPU
		{D4429200-E817-4A44-8D9C-AD77C3C6C7A3}.Release|Any CPU.Build.0 = Release|Any CPU
		{C759722E-A62F-48F0-A55A-D138CB7A03F2}.Debug|Any CPU.ActiveCfg = Debug|Any CPU
		{C759722E-A62F-48F0-A55A-D138CB7A03F2}.Debug|Any CPU.Build.0 = Debug|Any CPU
		{C759722E-A62F-48F0-A55A-D138CB7A03F2}.Release|Any CPU.ActiveCfg = Release|Any CPU
		{C759722E-A62F-48F0-A55A-D138CB7A03F2}.Release|Any CPU.Build.0 = Release|Any CPU
		{3F998B39-C238-49B7-836E-5F7FECEB71EB}.Debug|Any CPU.ActiveCfg = Debug|Any CPU
		{3F998B39-C238-49B7-836E-5F7FECEB71EB}.Debug|Any CPU.Build.0 = Debug|Any CPU
		{3F998B39-C238-49B7-836E-5F7FECEB71EB}.Release|Any CPU.ActiveCfg = Release|Any CPU
		{3F998B39-C238-49B7-836E-5F7FECEB71EB}.Release|Any CPU.Build.0 = Release|Any CPU
		{4D6C90C4-AB67-4ABA-A1BB-D016A58435BB}.Debug|Any CPU.ActiveCfg = Debug|Any CPU
		{4D6C90C4-AB67-4ABA-A1BB-D016A58435BB}.Debug|Any CPU.Build.0 = Debug|Any CPU
		{4D6C90C4-AB67-4ABA-A1BB-D016A58435BB}.Release|Any CPU.ActiveCfg = Release|Any CPU
		{4D6C90C4-AB67-4ABA-A1BB-D016A58435BB}.Release|Any CPU.Build.0 = Release|Any CPU
		{A78F2E88-C1F1-4119-82A9-83DDAE098A6F}.Debug|Any CPU.ActiveCfg = Debug|Any CPU
		{A78F2E88-C1F1-4119-82A9-83DDAE098A6F}.Debug|Any CPU.Build.0 = Debug|Any CPU
		{A78F2E88-C1F1-4119-82A9-83DDAE098A6F}.Release|Any CPU.ActiveCfg = Release|Any CPU
		{A78F2E88-C1F1-4119-82A9-83DDAE098A6F}.Release|Any CPU.Build.0 = Release|Any CPU
		{E9F67FB3-A831-446F-9EC0-7F7A6AA42F8A}.Debug|Any CPU.ActiveCfg = Debug|Any CPU
		{E9F67FB3-A831-446F-9EC0-7F7A6AA42F8A}.Debug|Any CPU.Build.0 = Debug|Any CPU
		{E9F67FB3-A831-446F-9EC0-7F7A6AA42F8A}.Release|Any CPU.ActiveCfg = Release|Any CPU
		{E9F67FB3-A831-446F-9EC0-7F7A6AA42F8A}.Release|Any CPU.Build.0 = Release|Any CPU
	EndGlobalSection
	GlobalSection(SolutionProperties) = preSolution
		HideSolutionNode = FALSE
	EndGlobalSection
	GlobalSection(ExtensibilityGlobals) = postSolution
		SolutionGuid = {F8EE2BF7-D779-4BCD-B4D9-6465681A5F1B}
	EndGlobalSection
EndGlobal
